
Microsoft Visual Studio Solution File, Format Version 12.00
# Visual Studio Version 16
VisualStudioVersion = 16.0.31005.135
MinimumVisualStudioVersion = 10.0.40219.1
Project("{9A19103F-16F7-4668-BE54-9A1E7A4F7556}") = "WebApi", "WebApi\WebApi.csproj", "{C7F9A05B-16A6-4B0B-9EA3-58DDEBE25694}"
EndProject
Project("{9A19103F-16F7-4668-BE54-9A1E7A4F7556}") = "WebApi.Tests", "WebApi.Tests\WebApi.Tests.csproj", "{05085839-ECDE-406D-8F5A-FB8647A79DB2}"
EndProject
Global
	GlobalSection(SolutionConfigurationPlatforms) = preSolution
		Debug|Any CPU = Debug|Any CPU
		Release|Any CPU = Release|Any CPU
	EndGlobalSection
	GlobalSection(ProjectConfigurationPlatforms) = postSolution
		{C7F9A05B-16A6-4B0B-9EA3-58DDEBE25694}.Debug|Any CPU.ActiveCfg = Debug|Any CPU
		{C7F9A05B-16A6-4B0B-9EA3-58DDEBE25694}.Debug|Any CPU.Build.0 = Debug|Any CPU
		{C7F9A05B-16A6-4B0B-9EA3-58DDEBE25694}.Release|Any CPU.ActiveCfg = Release|Any CPU
		{C7F9A05B-16A6-4B0B-9EA3-58DDEBE25694}.Release|Any CPU.Build.0 = Release|Any CPU
		{05085839-ECDE-406D-8F5A-FB8647A79DB2}.Debug|Any CPU.ActiveCfg = Debug|Any CPU
		{05085839-ECDE-406D-8F5A-FB8647A79DB2}.Debug|Any CPU.Build.0 = Debug|Any CPU
		{05085839-ECDE-406D-8F5A-FB8647A79DB2}.Release|Any CPU.ActiveCfg = Release|Any CPU
		{05085839-ECDE-406D-8F5A-FB8647A79DB2}.Release|Any CPU.Build.0 = Release|Any CPU
	EndGlobalSection
	GlobalSection(SolutionProperties) = preSolution
		HideSolutionNode = FALSE
	EndGlobalSection
	GlobalSection(ExtensibilityGlobals) = postSolution
		SolutionGuid = {FEBCEFDC-9A3C-43F8-89C5-25BE40D996A2}
	EndGlobalSection
EndGlobal
